// !$*UTF8*$!
{
	archiveVersion = 1;
	classes = {
	};
	objectVersion = 77;
	objects = {

/* Begin PBXContainerItemProxy section */
		DC68F5462DE0AFE90029554C /* PBXContainerItemProxy */ = {
			isa = PBXContainerItemProxy;
			containerPortal = DC68F52D2DE0AFE70029554C /* Project object */;
			proxyType = 1;
			remoteGlobalIDString = DC68F5342DE0AFE70029554C;
			remoteInfo = MyHealthKit;
		};
		DC68F5502DE0AFE90029554C /* PBXContainerItemProxy */ = {
			isa = PBXContainerItemProxy;
			containerPortal = DC68F52D2DE0AFE70029554C /* Project object */;
			proxyType = 1;
			remoteGlobalIDString = DC68F5342DE0AFE70029554C;
			remoteInfo = MyHealthKit;
		};
/* End PBXContainerItemProxy section */

/* Begin PBXFileReference section */
		DC68F5352DE0AFE70029554C /* MyHealthKit.app */ = {isa = PBXFileReference; explicitFileType = wrapper.application; includeInIndex = 0; path = MyHealthKit.app; sourceTree = BUILT_PRODUCTS_DIR; };
		DC68F5452DE0AFE90029554C /* MyHealthKitTests.xctest */ = {isa = PBXFileReference; explicitFileType = wrapper.cfbundle; includeInIndex = 0; path = MyHealthKitTests.xctest; sourceTree = BUILT_PRODUCTS_DIR; };
		DC68F54F2DE0AFE90029554C /* MyHealthKitUITests.xctest */ = {isa = PBXFileReference; explicitFileType = wrapper.cfbundle; includeInIndex = 0; path = MyHealthKitUITests.xctest; sourceTree = BUILT_PRODUCTS_DIR; };
/* End PBXFileReference section */

/* Begin PBXFileSystemSynchronizedBuildFileExceptionSet section */
		DC68F5682DE0B25D0029554C /* Exceptions for "MyHealthKit" folder in "MyHealthKit" target */ = {
			isa = PBXFileSystemSynchronizedBuildFileExceptionSet;
			membershipExceptions = (
				Info.plist,
			);
			target = DC68F5342DE0AFE70029554C /* MyHealthKit */;
		};
/* End PBXFileSystemSynchronizedBuildFileExceptionSet section */

/* Begin PBXFileSystemSynchronizedRootGroup section */
		DC68F5372DE0AFE70029554C /* MyHealthKit */ = {
			isa = PBXFileSystemSynchronizedRootGroup;
			exceptions = (
				DC68F5682DE0B25D0029554C /* Exceptions for "MyHealthKit" folder in "MyHealthKit" target */,
			);
			path = MyHealthKit;
			sourceTree = "<group>";
		};
		DC68F5482DE0AFE90029554C /* MyHealthKitTests */ = {
			isa = PBXFileSystemSynchronizedRootGroup;
			path = MyHealthKitTests;
			sourceTree = "<group>";
		};
		DC68F5522DE0AFE90029554C /* MyHealthKitUITests */ = {
			isa = PBXFileSystemSynchronizedRootGroup;
			path = MyHealthKitUITests;
			sourceTree = "<group>";
		};
/* End PBXFileSystemSynchronizedRootGroup section */

/* Begin PBXFrameworksBuildPhase section */
		DC68F5322DE0AFE70029554C /* Frameworks */ = {
			isa = PBXFrameworksBuildPhase;
			buildActionMask = 2147483647;
			files = (
			);
			runOnlyForDeploymentPostprocessing = 0;
		};
		DC68F5422DE0AFE90029554C /* Frameworks */ = {
			isa = PBXFrameworksBuildPhase;
			buildActionMask = 2147483647;
			files = (
			);
			runOnlyForDeploymentPostprocessing = 0;
		};
		DC68F54C2DE0AFE90029554C /* Frameworks */ = {
			isa = PBXFrameworksBuildPhase;
			buildActionMask = 2147483647;
			files = (
			);
			runOnlyForDeploymentPostprocessing = 0;
		};
/* End PBXFrameworksBuildPhase section */

/* Begin PBXGroup section */
		DC68F52C2DE0AFE70029554C = {
			isa = PBXGroup;
			children = (
				DC68F5372DE0AFE70029554C /* MyHealthKit */,
				DC68F5482DE0AFE90029554C /* MyHealthKitTests */,
				DC68F5522DE0AFE90029554C /* MyHealthKitUITests */,
				DC68F5362DE0AFE70029554C /* Products */,
			);
			sourceTree = "<group>";
		};
		DC68F5362DE0AFE70029554C /* Products */ = {
			isa = PBXGroup;
			children = (
				DC68F5352DE0AFE70029554C /* MyHealthKit.app */,
				DC68F5452DE0AFE90029554C /* MyHealthKitTests.xctest */,
				DC68F54F2DE0AFE90029554C /* MyHealthKitUITests.xctest */,
			);
			name = Products;
			sourceTree = "<group>";
		};
/* End PBXGroup section */

/* Begin PBXNativeTarget section */
		DC68F5342DE0AFE70029554C /* MyHealthKit */ = {
			isa = PBXNativeTarget;
			buildConfigurationList = DC68F5592DE0AFE90029554C /* Build configuration list for PBXNativeTarget "MyHealthKit" */;
			buildPhases = (
				DC68F5312DE0AFE70029554C /* Sources */,
				DC68F5322DE0AFE70029554C /* Frameworks */,
				DC68F5332DE0AFE70029554C /* Resources */,
			);
			buildRules = (
			);
			dependencies = (
			);
			fileSystemSynchronizedGroups = (
				DC68F5372DE0AFE70029554C /* MyHealthKit */,
			);
			name = MyHealthKit;
			packageProductDependencies = (
			);
			productName = MyHealthKit;
			productReference = DC68F5352DE0AFE70029554C /* MyHealthKit.app */;
			productType = "com.apple.product-type.application";
		};
		DC68F5442DE0AFE90029554C /* MyHealthKitTests */ = {
			isa = PBXNativeTarget;
			buildConfigurationList = DC68F55C2DE0AFE90029554C /* Build configuration list for PBXNativeTarget "MyHealthKitTests" */;
			buildPhases = (
				DC68F5412DE0AFE90029554C /* Sources */,
				DC68F5422DE0AFE90029554C /* Frameworks */,
				DC68F5432DE0AFE90029554C /* Resources */,
			);
			buildRules = (
			);
			dependencies = (
				DC68F5472DE0AFE90029554C /* PBXTargetDependency */,
			);
			fileSystemSynchronizedGroups = (
				DC68F5482DE0AFE90029554C /* MyHealthKitTests */,
			);
			name = MyHealthKitTests;
			packageProductDependencies = (
			);
			productName = MyHealthKitTests;
			productReference = DC68F5452DE0AFE90029554C /* MyHealthKitTests.xctest */;
			productType = "com.apple.product-type.bundle.unit-test";
		};
		DC68F54E2DE0AFE90029554C /* MyHealthKitUITests */ = {
			isa = PBXNativeTarget;
			buildConfigurationList = DC68F55F2DE0AFE90029554C /* Build configuration list for PBXNativeTarget "MyHealthKitUITests" */;
			buildPhases = (
				DC68F54B2DE0AFE90029554C /* Sources */,
				DC68F54C2DE0AFE90029554C /* Frameworks */,
				DC68F54D2DE0AFE90029554C /* Resources */,
			);
			buildRules = (
			);
			dependencies = (
				DC68F5512DE0AFE90029554C /* PBXTargetDependency */,
			);
			fileSystemSynchronizedGroups = (
				DC68F5522DE0AFE90029554C /* MyHealthKitUITests */,
			);
			name = MyHealthKitUITests;
			packageProductDependencies = (
			);
			productName = MyHealthKitUITests;
			productReference = DC68F54F2DE0AFE90029554C /* MyHealthKitUITests.xctest */;
			productType = "com.apple.product-type.bundle.ui-testing";
		};
/* End PBXNativeTarget section */

/* Begin PBXProject section */
		DC68F52D2DE0AFE70029554C /* Project object */ = {
			isa = PBXProject;
			attributes = {
				BuildIndependentTargetsInParallel = 1;
				LastSwiftUpdateCheck = 1600;
				LastUpgradeCheck = 1600;
				TargetAttributes = {
					DC68F5342DE0AFE70029554C = {
						CreatedOnToolsVersion = 16.0;
					};
					DC68F5442DE0AFE90029554C = {
						CreatedOnToolsVersion = 16.0;
						TestTargetID = DC68F5342DE0AFE70029554C;
					};
					DC68F54E2DE0AFE90029554C = {
						CreatedOnToolsVersion = 16.0;
						TestTargetID = DC68F5342DE0AFE70029554C;
					};
				};
			};
			buildConfigurationList = DC68F5302DE0AFE70029554C /* Build configuration list for PBXProject "MyHealthKit" */;
			developmentRegion = en;
			hasScannedForEncodings = 0;
			knownRegions = (
				en,
				Base,
			);
			mainGroup = DC68F52C2DE0AFE70029554C;
			minimizedProjectReferenceProxies = 1;
			preferredProjectObjectVersion = 77;
			productRefGroup = DC68F5362DE0AFE70029554C /* Products */;
			projectDirPath = "";
			projectRoot = "";
			targets = (
				DC68F5342DE0AFE70029554C /* MyHealthKit */,
				DC68F5442DE0AFE90029554C /* MyHealthKitTests */,
				DC68F54E2DE0AFE90029554C /* MyHealthKitUITests */,
			);
		};
/* End PBXProject section */

/* Begin PBXResourcesBuildPhase section */
		DC68F5332DE0AFE70029554C /* Resources */ = {
			isa = PBXResourcesBuildPhase;
			buildActionMask = 2147483647;
			files = (
			);
			runOnlyForDeploymentPostprocessing = 0;
		};
		DC68F5432DE0AFE90029554C /* Resources */ = {
			isa = PBXResourcesBuildPhase;
			buildActionMask = 2147483647;
			files = (
			);
			runOnlyForDeploymentPostprocessing = 0;
		};
		DC68F54D2DE0AFE90029554C /* Resources */ = {
			isa = PBXResourcesBuildPhase;
			buildActionMask = 2147483647;
			files = (
			);
			runOnlyForDeploymentPostprocessing = 0;
		};
/* End PBXResourcesBuildPhase section */

/* Begin PBXSourcesBuildPhase section */
		DC68F5312DE0AFE70029554C /* Sources */ = {
			isa = PBXSourcesBuildPhase;
			buildActionMask = 2147483647;
			files = (
			);
			runOnlyForDeploymentPostprocessing = 0;
		};
		DC68F5412DE0AFE90029554C /* Sources */ = {
			isa = PBXSourcesBuildPhase;
			buildActionMask = 2147483647;
			files = (
			);
			runOnlyForDeploymentPostprocessing = 0;
		};
		DC68F54B2DE0AFE90029554C /* Sources */ = {
			isa = PBXSourcesBuildPhase;
			buildActionMask = 2147483647;
			files = (
			);
			runOnlyForDeploymentPostprocessing = 0;
		};
/* End PBXSourcesBuildPhase section */

/* Begin PBXTargetDependency section */
		DC68F5472DE0AFE90029554C /* PBXTargetDependency */ = {
			isa = PBXTargetDependency;
			target = DC68F5342DE0AFE70029554C /* MyHealthKit */;
			targetProxy = DC68F5462DE0AFE90029554C /* PBXContainerItemProxy */;
		};
		DC68F5512DE0AFE90029554C /* PBXTargetDependency */ = {
			isa = PBXTargetDependency;
			target = DC68F5342DE0AFE70029554C /* MyHealthKit */;
			targetProxy = DC68F5502DE0AFE90029554C /* PBXContainerItemProxy */;
		};
/* End PBXTargetDependency section */

/* Begin XCBuildConfiguration section */
		DC68F5572DE0AFE90029554C /* Debug */ = {
			isa = XCBuildConfiguration;
			buildSettings = {
				ALWAYS_SEARCH_USER_PATHS = NO;
				ASSETCATALOG_COMPILER_GENERATE_SWIFT_ASSET_SYMBOL_EXTENSIONS = YES;
				CLANG_ANALYZER_NONNULL = YES;
				CLANG_ANALYZER_NUMBER_OBJECT_CONVERSION = YES_AGGRESSIVE;
				CLANG_CXX_LANGUAGE_STANDARD = "gnu++20";
				CLANG_ENABLE_MODULES = YES;
				CLANG_ENABLE_OBJC_ARC = YES;
				CLANG_ENABLE_OBJC_WEAK = YES;
				CLANG_WARN_BLOCK_CAPTURE_AUTORELEASING = YES;
				CLANG_WARN_BOOL_CONVERSION = YES;
				CLANG_WARN_COMMA = YES;
				CLANG_WARN_CONSTANT_CONVERSION = YES;
				CLANG_WARN_DEPRECATED_OBJC_IMPLEMENTATIONS = YES;
				CLANG_WARN_DIRECT_OBJC_ISA_USAGE = YES_ERROR;
				CLANG_WARN_DOCUMENTATION_COMMENTS = YES;
				CLANG_WARN_EMPTY_BODY = YES;
				CLANG_WARN_ENUM_CONVERSION = YES;
				CLANG_WARN_INFINITE_RECURSION = YES;
				CLANG_WARN_INT_CONVERSION = YES;
				CLANG_WARN_NON_LITERAL_NULL_CONVERSION = YES;
				CLANG_WARN_OBJC_IMPLICIT_RETAIN_SELF = YES;
				CLANG_WARN_OBJC_LITERAL_CONVERSION = YES;
				CLANG_WARN_OBJC_ROOT_CLASS = YES_ERROR;
				CLANG_WARN_QUOTED_INCLUDE_IN_FRAMEWORK_HEADER = YES;
				CLANG_WARN_RANGE_LOOP_ANALYSIS = YES;
				CLANG_WARN_STRICT_PROTOTYPES = YES;
				CLANG_WARN_SUSPICIOUS_MOVE = YES;
				CLANG_WARN_UNGUARDED_AVAILABILITY = YES_AGGRESSIVE;
				CLANG_WARN_UNREACHABLE_CODE = YES;
				CLANG_WARN__DUPLICATE_METHOD_MATCH = YES;
				COPY_PHASE_STRIP = NO;
				DEBUG_INFORMATION_FORMAT = dwarf;
				ENABLE_STRICT_OBJC_MSGSEND = YES;
				ENABLE_TESTABILITY = YES;
				ENABLE_USER_SCRIPT_SANDBOXING = YES;
				GCC_C_LANGUAGE_STANDARD = gnu17;
				GCC_DYNAMIC_NO_PIC = NO;
				GCC_NO_COMMON_BLOCKS = YES;
				GCC_OPTIMIZATION_LEVEL = 0;
				GCC_PREPROCESSOR_DEFINITIONS = (
					"DEBUG=1",
					"$(inherited)",
				);
				GCC_WARN_64_TO_32_BIT_CONVERSION = YES;
				GCC_WARN_ABOUT_RETURN_TYPE = YES_ERROR;
				GCC_WARN_UNDECLARED_SELECTOR = YES;
				GCC_WARN_UNINITIALIZED_AUTOS = YES_AGGRESSIVE;
				GCC_WARN_UNUSED_FUNCTION = YES;
				GCC_WARN_UNUSED_VARIABLE = YES;
				IPHONEOS_DEPLOYMENT_TARGET = 18.0;
				LOCALIZATION_PREFERS_STRING_CATALOGS = YES;
				MTL_ENABLE_DEBUG_INFO = INCLUDE_SOURCE;
				MTL_FAST_MATH = YES;
				ONLY_ACTIVE_ARCH = YES;
				SDKROOT = iphoneos;
				SWIFT_ACTIVE_COMPILATION_CONDITIONS = "DEBUG $(inherited)";
				SWIFT_OPTIMIZATION_LEVEL = "-Onone";
			};
			name = Debug;
		};
		DC68F5582DE0AFE90029554C /* Release */ = {
			isa = XCBuildConfiguration;
			buildSettings = {
				ALWAYS_SEARCH_USER_PATHS = NO;
				ASSETCATALOG_COMPILER_GENERATE_SWIFT_ASSET_SYMBOL_EXTENSIONS = YES;
				CLANG_ANALYZER_NONNULL = YES;
				CLANG_ANALYZER_NUMBER_OBJECT_CONVERSION = YES_AGGRESSIVE;
				CLANG_CXX_LANGUAGE_STANDARD = "gnu++20";
				CLANG_ENABLE_MODULES = YES;
				CLANG_ENABLE_OBJC_ARC = YES;
				CLANG_ENABLE_OBJC_WEAK = YES;
				CLANG_WARN_BLOCK_CAPTURE_AUTORELEASING = YES;
				CLANG_WARN_BOOL_CONVERSION = YES;
				CLANG_WARN_COMMA = YES;
				CLANG_WARN_CONSTANT_CONVERSION = YES;
				CLANG_WARN_DEPRECATED_OBJC_IMPLEMENTATIONS = YES;
				CLANG_WARN_DIRECT_OBJC_ISA_USAGE = YES_ERROR;
				CLANG_WARN_DOCUMENTATION_COMMENTS = YES;
				CLANG_WARN_EMPTY_BODY = YES;
				CLANG_WARN_ENUM_CONVERSION = YES;
				CLANG_WARN_INFINITE_RECURSION = YES;
				CLANG_WARN_INT_CONVERSION = YES;
				CLANG_WARN_NON_LITERAL_NULL_CONVERSION = YES;
				CLANG_WARN_OBJC_IMPLICIT_RETAIN_SELF = YES;
				CLANG_WARN_OBJC_LITERAL_CONVERSION = YES;
				CLANG_WARN_OBJC_ROOT_CLASS = YES_ERROR;
				CLANG_WARN_QUOTED_INCLUDE_IN_FRAMEWORK_HEADER = YES;
				CLANG_WARN_RANGE_LOOP_ANALYSIS = YES;
				CLANG_WARN_STRICT_PROTOTYPES = YES;
				CLANG_WARN_SUSPICIOUS_MOVE = YES;
				CLANG_WARN_UNGUARDED_AVAILABILITY = YES_AGGRESSIVE;
				CLANG_WARN_UNREACHABLE_CODE = YES;
				CLANG_WARN__DUPLICATE_METHOD_MATCH = YES;
				COPY_PHASE_STRIP = NO;
				DEBUG_INFORMATION_FORMAT = "dwarf-with-dsym";
				ENABLE_NS_ASSERTIONS = NO;
				ENABLE_STRICT_OBJC_MSGSEND = YES;
				ENABLE_USER_SCRIPT_SANDBOXING = YES;
				GCC_C_LANGUAGE_STANDARD = gnu17;
				GCC_NO_COMMON_BLOCKS = YES;
				GCC_WARN_64_TO_32_BIT_CONVERSION = YES;
				GCC_WARN_ABOUT_RETURN_TYPE = YES_ERROR;
				GCC_WARN_UNDECLARED_SELECTOR = YES;
				GCC_WARN_UNINITIALIZED_AUTOS = YES_AGGRESSIVE;
				GCC_WARN_UNUSED_FUNCTION = YES;
				GCC_WARN_UNUSED_VARIABLE = YES;
				IPHONEOS_DEPLOYMENT_TARGET = 18.0;
				LOCALIZATION_PREFERS_STRING_CATALOGS = YES;
				MTL_ENABLE_DEBUG_INFO = NO;
				MTL_FAST_MATH = YES;
				SDKROOT = iphoneos;
				SWIFT_COMPILATION_MODE = wholemodule;
				VALIDATE_PRODUCT = YES;
			};
			name = Release;
		};
		DC68F55A2DE0AFE90029554C /* Debug */ = {
			isa = XCBuildConfiguration;
			buildSettings = {
				ASSETCATALOG_COMPILER_APPICON_NAME = AppIcon;
				ASSETCATALOG_COMPILER_GLOBAL_ACCENT_COLOR_NAME = AccentColor;
				CODE_SIGN_ENTITLEMENTS = MyHealthKit/MyHealthKit.entitlements;
				CODE_SIGN_STYLE = Automatic;
				CURRENT_PROJECT_VERSION = 1;
				DEVELOPMENT_ASSET_PATHS = "\"MyHealthKit/Preview Content\"";
				DEVELOPMENT_TEAM = L3UNKJ8THC;
				ENABLE_PREVIEWS = YES;
				GENERATE_INFOPLIST_FILE = YES;
				INFOPLIST_FILE = MyHealthKit/Info.plist;
				INFOPLIST_KEY_NSHealthShareUsageDescription = "We read health data to personalize your wellness insights and daily progress.";
				INFOPLIST_KEY_NSHealthUpdateUsageDescription = "We use your health data to track and update wellness goals like steps and calories.";
				INFOPLIST_KEY_UIApplicationSceneManifest_Generation = YES;
				INFOPLIST_KEY_UIApplicationSupportsIndirectInputEvents = YES;
				INFOPLIST_KEY_UILaunchScreen_Generation = YES;
				INFOPLIST_KEY_UISupportedInterfaceOrientations_iPad = "UIInterfaceOrientationPortrait UIInterfaceOrientationPortraitUpsideDown UIInterfaceOrientationLandscapeLeft UIInterfaceOrientationLandscapeRight";
				INFOPLIST_KEY_UISupportedInterfaceOrientations_iPhone = "UIInterfaceOrientationPortrait UIInterfaceOrientationLandscapeLeft UIInterfaceOrientationLandscapeRight";
				LD_RUNPATH_SEARCH_PATHS = (
					"$(inherited)",
					"@executable_path/Frameworks",
				);
				MARKETING_VERSION = 1.0;
				PRODUCT_BUNDLE_IDENTIFIER = com.gritsys.MyHealth;
				PRODUCT_NAME = "$(TARGET_NAME)";
				SWIFT_EMIT_LOC_STRINGS = YES;
				SWIFT_VERSION = 5.0;
				TARGETED_DEVICE_FAMILY = "1,2";
			};
			name = Debug;
		};
		DC68F55B2DE0AFE90029554C /* Release */ = {
			isa = XCBuildConfiguration;
			buildSettings = {
				ASSETCATALOG_COMPILER_APPICON_NAME = AppIcon;
				ASSETCATALOG_COMPILER_GLOBAL_ACCENT_COLOR_NAME = AccentColor;
				CODE_SIGN_ENTITLEMENTS = MyHealthKit/MyHealthKit.entitlements;
				CODE_SIGN_STYLE = Automatic;
				CURRENT_PROJECT_VERSION = 1;
				DEVELOPMENT_ASSET_PATHS = "\"MyHealthKit/Preview Content\"";
				DEVELOPMENT_TEAM = L3UNKJ8THC;
				ENABLE_PREVIEWS = YES;
				GENERATE_INFOPLIST_FILE = YES;
				INFOPLIST_FILE = MyHealthKit/Info.plist;
				INFOPLIST_KEY_NSHealthShareUsageDescription = "We read health data to personalize your wellness insights and daily progress.";
				INFOPLIST_KEY_NSHealthUpdateUsageDescription = "We use your health data to track and update wellness goals like steps and calories.";
				INFOPLIST_KEY_UIApplicationSceneManifest_Generation = YES;
				INFOPLIST_KEY_UIApplicationSupportsIndirectInputEvents = YES;
				INFOPLIST_KEY_UILaunchScreen_Generation = YES;
				INFOPLIST_KEY_UISupportedInterfaceOrientations_iPad = "UIInterfaceOrientationPortrait UIInterfaceOrientationPortraitUpsideDown UIInterfaceOrientationLandscapeLeft UIInterfaceOrientationLandscapeRight";
				INFOPLIST_KEY_UISupportedInterfaceOrientations_iPhone = "UIInterfaceOrientationPortrait UIInterfaceOrientationLandscapeLeft UIInterfaceOrientationLandscapeRight";
				LD_RUNPATH_SEARCH_PATHS = (
					"$(inherited)",
					"@executable_path/Frameworks",
				);
				MARKETING_VERSION = 1.0;
				PRODUCT_BUNDLE_IDENTIFIER = com.gritsys.MyHealth;
				PRODUCT_NAME = "$(TARGET_NAME)";
				SWIFT_EMIT_LOC_STRINGS = YES;
				SWIFT_VERSION = 5.0;
				TARGETED_DEVICE_FAMILY = "1,2";
			};
			name = Release;
		};
		DC68F55D2DE0AFE90029554C /* Debug */ = {
			isa = XCBuildConfiguration;
			buildSettings = {
				BUNDLE_LOADER = "$(TEST_HOST)";
				CODE_SIGN_STYLE = Automatic;
				CURRENT_PROJECT_VERSION = 1;
				DEVELOPMENT_TEAM = L3UNKJ8THC;
				GENERATE_INFOPLIST_FILE = YES;
				IPHONEOS_DEPLOYMENT_TARGET = 18.0;
				MARKETING_VERSION = 1.0;
				PRODUCT_BUNDLE_IDENTIFIER = com.harvis.MyHealthKitTests;
				PRODUCT_NAME = "$(TARGET_NAME)";
				SWIFT_EMIT_LOC_STRINGS = NO;
				SWIFT_VERSION = 5.0;
				TARGETED_DEVICE_FAMILY = "1,2";
				TEST_HOST = "$(BUILT_PRODUCTS_DIR)/MyHealthKit.app/$(BUNDLE_EXECUTABLE_FOLDER_PATH)/MyHealthKit";
			};
			name = Debug;
		};
		DC68F55E2DE0AFE90029554C /* Release */ = {
			isa = XCBuildConfiguration;
			buildSettings = {
				BUNDLE_LOADER = "$(TEST_HOST)";
				CODE_SIGN_STYLE = Automatic;
				CURRENT_PROJECT_VERSION = 1;
				DEVELOPMENT_TEAM = L3UNKJ8THC;
				GENERATE_INFOPLIST_FILE = YES;
				IPHONEOS_DEPLOYMENT_TARGET = 18.0;
				MARKETING_VERSION = 1.0;
				PRODUCT_BUNDLE_IDENTIFIER = com.harvis.MyHealthKitTests;
				PRODUCT_NAME = "$(TARGET_NAME)";
				SWIFT_EMIT_LOC_STRINGS = NO;
				SWIFT_VERSION = 5.0;
				TARGETED_DEVICE_FAMILY = "1,2";
				TEST_HOST = "$(BUILT_PRODUCTS_DIR)/MyHealthKit.app/$(BUNDLE_EXECUTABLE_FOLDER_PATH)/MyHealthKit";
			};
			name = Release;
		};
		DC68F5602DE0AFE90029554C /* Debug */ = {
			isa = XCBuildConfiguration;
			buildSettings = {
				CODE_SIGN_STYLE = Automatic;
				CURRENT_PROJECT_VERSION = 1;
				DEVELOPMENT_TEAM = L3UNKJ8THC;
				GENERATE_INFOPLIST_FILE = YES;
				MARKETING_VERSION = 1.0;
				PRODUCT_BUNDLE_IDENTIFIER = com.harvis.MyHealthKitUITests;
				PRODUCT_NAME = "$(TARGET_NAME)";
				SWIFT_EMIT_LOC_STRINGS = NO;
				SWIFT_VERSION = 5.0;
				TARGETED_DEVICE_FAMILY = "1,2";
				TEST_TARGET_NAME = MyHealthKit;
			};
			name = Debug;
		};
		DC68F5612DE0AFE90029554C /* Release */ = {
			isa = XCBuildConfiguration;
			buildSettings = {
				CODE_SIGN_STYLE = Automatic;
				CURRENT_PROJECT_VERSION = 1;
				DEVELOPMENT_TEAM = L3UNKJ8THC;
				GENERATE_INFOPLIST_FILE = YES;
				MARKETING_VERSION = 1.0;
				PRODUCT_BUNDLE_IDENTIFIER = com.harvis.MyHealthKitUITests;
				PRODUCT_NAME = "$(TARGET_NAME)";
				SWIFT_EMIT_LOC_STRINGS = NO;
				SWIFT_VERSION = 5.0;
				TARGETED_DEVICE_FAMILY = "1,2";
				TEST_TARGET_NAME = MyHealthKit;
			};
			name = Release;
		};
/* End XCBuildConfiguration section */

/* Begin XCConfigurationList section */
		DC68F5302DE0AFE70029554C /* Build configuration list for PBXProject "MyHealthKit" */ = {
			isa = XCConfigurationList;
			buildConfigurations = (
				DC68F5572DE0AFE90029554C /* Debug */,
				DC68F5582DE0AFE90029554C /* Release */,
			);
			defaultConfigurationIsVisible = 0;
			defaultConfigurationName = Release;
		};
		DC68F5592DE0AFE90029554C /* Build configuration list for PBXNativeTarget "MyHealthKit" */ = {
			isa = XCConfigurationList;
			buildConfigurations = (
				DC68F55A2DE0AFE90029554C /* Debug */,
				DC68F55B2DE0AFE90029554C /* Release */,
			);
			defaultConfigurationIsVisible = 0;
			defaultConfigurationName = Release;
		};
		DC68F55C2DE0AFE90029554C /* Build configuration list for PBXNativeTarget "MyHealthKitTests" */ = {
			isa = XCConfigurationList;
			buildConfigurations = (
				DC68F55D2DE0AFE90029554C /* Debug */,
				DC68F55E2DE0AFE90029554C /* Release */,
			);
			defaultConfigurationIsVisible = 0;
			defaultConfigurationName = Release;
		};
		DC68F55F2DE0AFE90029554C /* Build configuration list for PBXNativeTarget "MyHealthKitUITests" */ = {
			isa = XCConfigurationList;
			buildConfigurations = (
				DC68F5602DE0AFE90029554C /* Debug */,
				DC68F5612DE0AFE90029554C /* Release */,
			);
			defaultConfigurationIsVisible = 0;
			defaultConfigurationName = Release;
		};
/* End XCConfigurationList section */
	};
	rootObject = DC68F52D2DE0AFE70029554C /* Project object */;
}
